{
    "_meta": {
        "hash": {
            "sha256": "ae9454eb363d803450ec4a7db4847754f845a7a6473cdf27fbed1933bdfa581f"
        },
        "pipfile-spec": 6,
        "requires": {
            "python_version": "3.7"
        },
        "sources": [
            {
                "name": "pypi",
                "url": "https://pypi.org/simple",
                "verify_ssl": true
            }
        ]
    },
    "default": {
        "asynckafka": {
            "hashes": [
                "sha256:f7052a29af51a17c86d6e92b483273b20201c84aca119253e8f8a4c7440d7d52"
            ],
            "index": "pypi",
            "version": "==0.1.3"
        },
        "pyaes": {
            "hashes": [
                "sha256:02c1b1405c38d3c370b085fb952dd8bea3fadcee6411ad99f312cc129c536d8f"
            ],
            "version": "==1.6.1"
        },
        "pyasn1": {
            "hashes": [
                "sha256:39c7e2ec30515947ff4e87fb6f456dfc6e84857d34be479c9d4a4ba4bf46aa5d",
                "sha256:aef77c9fb94a3ac588e87841208bdec464471d9871bd5050a287cc9a475cd0ba"
            ],
            "version": "==0.4.8"
        },
        "rsa": {
            "hashes": [
                "sha256:14ba45700ff1ec9eeb206a2ce76b32814958a98e372006c8fb76ba820211be66",
                "sha256:1a836406405730121ae9823e19c6e806c62bbad73f890574fff50efa4122c487"
            ],
            "version": "==4.0"
        },
        "telethon": {
            "hashes": [
                "sha256:9a51c5ceba6c60a7c1ef0a26e0a63e1d88c8792c92fe7697a3ad6b0be42c2edc",
                "sha256:a4ce0699c6aa88500cdf1ed89398949614ceb4b45ea7d62b38049d18a8852fec"
            ],
            "index": "pypi",
            "version": "==1.13.0"
        }
    },
    "develop": {}
}
